// !$*UTF8*$!
{
	archiveVersion = 1;
	classes = {
	};
	objectVersion = 56;
	objects = {

/* Begin PBXBuildFile section */
		3F737DC22A28852B0058AB86 /* BeWellApp.swift in Sources */ = {isa = PBXBuildFile; fileRef = 3F737DC12A28852B0058AB86 /* BeWellApp.swift */; };
		3F737DC42A28852B0058AB86 /* ContentView.swift in Sources */ = {isa = PBXBuildFile; fileRef = 3F737DC32A28852B0058AB86 /* ContentView.swift */; };
		3F737DC62A28852D0058AB86 /* Assets.xcassets in Resources */ = {isa = PBXBuildFile; fileRef = 3F737DC52A28852D0058AB86 /* Assets.xcassets */; };
		3F737DC92A28852D0058AB86 /* Preview Assets.xcassets in Resources */ = {isa = PBXBuildFile; fileRef = 3F737DC82A28852D0058AB86 /* Preview Assets.xcassets */; };
		3F737DCB2A28852D0058AB86 /* Persistence.swift in Sources */ = {isa = PBXBuildFile; fileRef = 3F737DCA2A28852D0058AB86 /* Persistence.swift */; };
		3F737DCE2A28852D0058AB86 /* BeWell.xcdatamodeld in Sources */ = {isa = PBXBuildFile; fileRef = 3F737DCC2A28852D0058AB86 /* BeWell.xcdatamodeld */; };
		3F737DD82A28852D0058AB86 /* BeWellTests.swift in Sources */ = {isa = PBXBuildFile; fileRef = 3F737DD72A28852D0058AB86 /* BeWellTests.swift */; };
		3F737DE22A28852D0058AB86 /* BeWellUITests.swift in Sources */ = {isa = PBXBuildFile; fileRef = 3F737DE12A28852D0058AB86 /* BeWellUITests.swift */; };
		3F737DE42A28852D0058AB86 /* BeWellUITestsLaunchTests.swift in Sources */ = {isa = PBXBuildFile; fileRef = 3F737DE32A28852D0058AB86 /* BeWellUITestsLaunchTests.swift */; };
		3F9D28532A29EC8900EE8B03 /* MainView.swift in Sources */ = {isa = PBXBuildFile; fileRef = 3F9D28522A29EC8900EE8B03 /* MainView.swift */; };
		3F9D28582A29F15D00EE8B03 /* DataController.swift in Sources */ = {isa = PBXBuildFile; fileRef = 3F9D28572A29F15D00EE8B03 /* DataController.swift */; };
		3F9D285A2A29F41200EE8B03 /* Models.swift in Sources */ = {isa = PBXBuildFile; fileRef = 3F9D28592A29F41200EE8B03 /* Models.swift */; };
		3F9D285C2A29FCC600EE8B03 /* SVars.swift in Sources */ = {isa = PBXBuildFile; fileRef = 3F9D285B2A29FCC600EE8B03 /* SVars.swift */; };
		3F9D285E2A2A19A100EE8B03 /* ProfileView.swift in Sources */ = {isa = PBXBuildFile; fileRef = 3F9D285D2A2A19A100EE8B03 /* ProfileView.swift */; };
		3F9D28602A2A19B400EE8B03 /* AddView.swift in Sources */ = {isa = PBXBuildFile; fileRef = 3F9D285F2A2A19B400EE8B03 /* AddView.swift */; };
		3F9D28622A2A19C300EE8B03 /* SettingsView.swift in Sources */ = {isa = PBXBuildFile; fileRef = 3F9D28612A2A19C300EE8B03 /* SettingsView.swift */; };
		3F9D28642A2A19E000EE8B03 /* SignInView.swift in Sources */ = {isa = PBXBuildFile; fileRef = 3F9D28632A2A19E000EE8B03 /* SignInView.swift */; };
		3F9D28662A2A19EF00EE8B03 /* SignUpView.swift in Sources */ = {isa = PBXBuildFile; fileRef = 3F9D28652A2A19EF00EE8B03 /* SignUpView.swift */; };
		3F9D28682A2A1D9900EE8B03 /* PostsView.swift in Sources */ = {isa = PBXBuildFile; fileRef = 3F9D28672A2A1D9900EE8B03 /* PostsView.swift */; };
		3F9D286A2A2A2A0D00EE8B03 /* Extensions.swift in Sources */ = {isa = PBXBuildFile; fileRef = 3F9D28692A2A2A0D00EE8B03 /* Extensions.swift */; };
/* End PBXBuildFile section */

/* Begin PBXContainerItemProxy section */
		3F737DD42A28852D0058AB86 /* PBXContainerItemProxy */ = {
			isa = PBXContainerItemProxy;
			containerPortal = 3F737DB62A28852B0058AB86 /* Project object */;
			proxyType = 1;
			remoteGlobalIDString = 3F737DBD2A28852B0058AB86;
			remoteInfo = BeWell;
		};
		3F737DDE2A28852D0058AB86 /* PBXContainerItemProxy */ = {
			isa = PBXContainerItemProxy;
			containerPortal = 3F737DB62A28852B0058AB86 /* Project object */;
			proxyType = 1;
			remoteGlobalIDString = 3F737DBD2A28852B0058AB86;
			remoteInfo = BeWell;
		};
/* End PBXContainerItemProxy section */

/* Begin PBXFileReference section */
		3F737DBE2A28852B0058AB86 /* BeWell.app */ = {isa = PBXFileReference; explicitFileType = wrapper.application; includeInIndex = 0; path = BeWell.app; sourceTree = BUILT_PRODUCTS_DIR; };
		3F737DC12A28852B0058AB86 /* BeWellApp.swift */ = {isa = PBXFileReference; lastKnownFileType = sourcecode.swift; path = BeWellApp.swift; sourceTree = "<group>"; };
		3F737DC32A28852B0058AB86 /* ContentView.swift */ = {isa = PBXFileReference; lastKnownFileType = sourcecode.swift; path = ContentView.swift; sourceTree = "<group>"; };
		3F737DC52A28852D0058AB86 /* Assets.xcassets */ = {isa = PBXFileReference; lastKnownFileType = folder.assetcatalog; path = Assets.xcassets; sourceTree = "<group>"; };
		3F737DC82A28852D0058AB86 /* Preview Assets.xcassets */ = {isa = PBXFileReference; lastKnownFileType = folder.assetcatalog; path = "Preview Assets.xcassets"; sourceTree = "<group>"; };
		3F737DCA2A28852D0058AB86 /* Persistence.swift */ = {isa = PBXFileReference; lastKnownFileType = sourcecode.swift; path = Persistence.swift; sourceTree = "<group>"; };
		3F737DCD2A28852D0058AB86 /* BeWell.xcdatamodel */ = {isa = PBXFileReference; lastKnownFileType = wrapper.xcdatamodel; path = BeWell.xcdatamodel; sourceTree = "<group>"; };
		3F737DD32A28852D0058AB86 /* BeWellTests.xctest */ = {isa = PBXFileReference; explicitFileType = wrapper.cfbundle; includeInIndex = 0; path = BeWellTests.xctest; sourceTree = BUILT_PRODUCTS_DIR; };
		3F737DD72A28852D0058AB86 /* BeWellTests.swift */ = {isa = PBXFileReference; lastKnownFileType = sourcecode.swift; path = BeWellTests.swift; sourceTree = "<group>"; };
		3F737DDD2A28852D0058AB86 /* BeWellUITests.xctest */ = {isa = PBXFileReference; explicitFileType = wrapper.cfbundle; includeInIndex = 0; path = BeWellUITests.xctest; sourceTree = BUILT_PRODUCTS_DIR; };
		3F737DE12A28852D0058AB86 /* BeWellUITests.swift */ = {isa = PBXFileReference; lastKnownFileType = sourcecode.swift; path = BeWellUITests.swift; sourceTree = "<group>"; };
		3F737DE32A28852D0058AB86 /* BeWellUITestsLaunchTests.swift */ = {isa = PBXFileReference; lastKnownFileType = sourcecode.swift; path = BeWellUITestsLaunchTests.swift; sourceTree = "<group>"; };
		3F9D28522A29EC8900EE8B03 /* MainView.swift */ = {isa = PBXFileReference; lastKnownFileType = sourcecode.swift; path = MainView.swift; sourceTree = "<group>"; };
		3F9D28572A29F15D00EE8B03 /* DataController.swift */ = {isa = PBXFileReference; lastKnownFileType = sourcecode.swift; path = DataController.swift; sourceTree = "<group>"; };
		3F9D28592A29F41200EE8B03 /* Models.swift */ = {isa = PBXFileReference; lastKnownFileType = sourcecode.swift; path = Models.swift; sourceTree = "<group>"; };
		3F9D285B2A29FCC600EE8B03 /* SVars.swift */ = {isa = PBXFileReference; lastKnownFileType = sourcecode.swift; path = SVars.swift; sourceTree = "<group>"; };
		3F9D285D2A2A19A100EE8B03 /* ProfileView.swift */ = {isa = PBXFileReference; lastKnownFileType = sourcecode.swift; path = ProfileView.swift; sourceTree = "<group>"; };
		3F9D285F2A2A19B400EE8B03 /* AddView.swift */ = {isa = PBXFileReference; lastKnownFileType = sourcecode.swift; path = AddView.swift; sourceTree = "<group>"; };
		3F9D28612A2A19C300EE8B03 /* SettingsView.swift */ = {isa = PBXFileReference; lastKnownFileType = sourcecode.swift; path = SettingsView.swift; sourceTree = "<group>"; };
		3F9D28632A2A19E000EE8B03 /* SignInView.swift */ = {isa = PBXFileReference; lastKnownFileType = sourcecode.swift; path = SignInView.swift; sourceTree = "<group>"; };
		3F9D28652A2A19EF00EE8B03 /* SignUpView.swift */ = {isa = PBXFileReference; lastKnownFileType = sourcecode.swift; path = SignUpView.swift; sourceTree = "<group>"; };
		3F9D28672A2A1D9900EE8B03 /* PostsView.swift */ = {isa = PBXFileReference; lastKnownFileType = sourcecode.swift; path = PostsView.swift; sourceTree = "<group>"; };
		3F9D28692A2A2A0D00EE8B03 /* Extensions.swift */ = {isa = PBXFileReference; lastKnownFileType = sourcecode.swift; path = Extensions.swift; sourceTree = "<group>"; };
/* End PBXFileReference section */

/* Begin PBXFrameworksBuildPhase section */
		3F737DBB2A28852B0058AB86 /* Frameworks */ = {
			isa = PBXFrameworksBuildPhase;
			buildActionMask = 2147483647;
			files = (
			);
			runOnlyForDeploymentPostprocessing = 0;
		};
		3F737DD02A28852D0058AB86 /* Frameworks */ = {
			isa = PBXFrameworksBuildPhase;
			buildActionMask = 2147483647;
			files = (
			);
			runOnlyForDeploymentPostprocessing = 0;
		};
		3F737DDA2A28852D0058AB86 /* Frameworks */ = {
			isa = PBXFrameworksBuildPhase;
			buildActionMask = 2147483647;
			files = (
			);
			runOnlyForDeploymentPostprocessing = 0;
		};
/* End PBXFrameworksBuildPhase section */

/* Begin PBXGroup section */
		3F737DB52A28852B0058AB86 = {
			isa = PBXGroup;
			children = (
				3F737DC02A28852B0058AB86 /* BeWell */,
				3F737DD62A28852D0058AB86 /* BeWellTests */,
				3F737DE02A28852D0058AB86 /* BeWellUITests */,
				3F737DBF2A28852B0058AB86 /* Products */,
			);
			sourceTree = "<group>";
		};
		3F737DBF2A28852B0058AB86 /* Products */ = {
			isa = PBXGroup;
			children = (
				3F737DBE2A28852B0058AB86 /* BeWell.app */,
				3F737DD32A28852D0058AB86 /* BeWellTests.xctest */,
				3F737DDD2A28852D0058AB86 /* BeWellUITests.xctest */,
			);
			name = Products;
			sourceTree = "<group>";
		};
		3F737DC02A28852B0058AB86 /* BeWell */ = {
			isa = PBXGroup;
			children = (
				3F737DC12A28852B0058AB86 /* BeWellApp.swift */,
				3F9D28562A29F0B600EE8B03 /* Libs */,
				3F9D28552A29EF4800EE8B03 /* Views */,
				3F9D28542A29EF3E00EE8B03 /* Data */,
				3F737DC52A28852D0058AB86 /* Assets.xcassets */,
				3F737DCC2A28852D0058AB86 /* BeWell.xcdatamodeld */,
				3F737DC72A28852D0058AB86 /* Preview Content */,
			);
			path = BeWell;
			sourceTree = "<group>";
		};
		3F737DC72A28852D0058AB86 /* Preview Content */ = {
			isa = PBXGroup;
			children = (
				3F737DC82A28852D0058AB86 /* Preview Assets.xcassets */,
			);
			path = "Preview Content";
			sourceTree = "<group>";
		};
		3F737DD62A28852D0058AB86 /* BeWellTests */ = {
			isa = PBXGroup;
			children = (
				3F737DD72A28852D0058AB86 /* BeWellTests.swift */,
			);
			path = BeWellTests;
			sourceTree = "<group>";
		};
		3F737DE02A28852D0058AB86 /* BeWellUITests */ = {
			isa = PBXGroup;
			children = (
				3F737DE12A28852D0058AB86 /* BeWellUITests.swift */,
				3F737DE32A28852D0058AB86 /* BeWellUITestsLaunchTests.swift */,
			);
			path = BeWellUITests;
			sourceTree = "<group>";
		};
		3F9D28542A29EF3E00EE8B03 /* Data */ = {
			isa = PBXGroup;
			children = (
				3F9D285B2A29FCC600EE8B03 /* SVars.swift */,
				3F9D28572A29F15D00EE8B03 /* DataController.swift */,
				3F9D28592A29F41200EE8B03 /* Models.swift */,
				3F737DCA2A28852D0058AB86 /* Persistence.swift */,
			);
			path = Data;
			sourceTree = "<group>";
		};
		3F9D28552A29EF4800EE8B03 /* Views */ = {
			isa = PBXGroup;
			children = (
				3F9D28522A29EC8900EE8B03 /* MainView.swift */,
				3F9D28672A2A1D9900EE8B03 /* PostsView.swift */,
				3F9D285F2A2A19B400EE8B03 /* AddView.swift */,
				3F9D285D2A2A19A100EE8B03 /* ProfileView.swift */,
				3F9D28612A2A19C300EE8B03 /* SettingsView.swift */,
				3F9D28632A2A19E000EE8B03 /* SignInView.swift */,
				3F9D28652A2A19EF00EE8B03 /* SignUpView.swift */,
				3F737DC32A28852B0058AB86 /* ContentView.swift */,
			);
			path = Views;
			sourceTree = "<group>";
		};
		3F9D28562A29F0B600EE8B03 /* Libs */ = {
			isa = PBXGroup;
			children = (
				3F9D28692A2A2A0D00EE8B03 /* Extensions.swift */,
			);
			path = Libs;
			sourceTree = "<group>";
		};
/* End PBXGroup section */

/* Begin PBXNativeTarget section */
		3F737DBD2A28852B0058AB86 /* BeWell */ = {
			isa = PBXNativeTarget;
			buildConfigurationList = 3F737DE72A28852D0058AB86 /* Build configuration list for PBXNativeTarget "BeWell" */;
			buildPhases = (
				3F737DBA2A28852B0058AB86 /* Sources */,
				3F737DBB2A28852B0058AB86 /* Frameworks */,
				3F737DBC2A28852B0058AB86 /* Resources */,
			);
			buildRules = (
			);
			dependencies = (
			);
			name = BeWell;
			productName = BeWell;
			productReference = 3F737DBE2A28852B0058AB86 /* BeWell.app */;
			productType = "com.apple.product-type.application";
		};
		3F737DD22A28852D0058AB86 /* BeWellTests */ = {
			isa = PBXNativeTarget;
			buildConfigurationList = 3F737DEA2A28852D0058AB86 /* Build configuration list for PBXNativeTarget "BeWellTests" */;
			buildPhases = (
				3F737DCF2A28852D0058AB86 /* Sources */,
				3F737DD02A28852D0058AB86 /* Frameworks */,
				3F737DD12A28852D0058AB86 /* Resources */,
			);
			buildRules = (
			);
			dependencies = (
				3F737DD52A28852D0058AB86 /* PBXTargetDependency */,
			);
			name = BeWellTests;
			productName = BeWellTests;
			productReference = 3F737DD32A28852D0058AB86 /* BeWellTests.xctest */;
			productType = "com.apple.product-type.bundle.unit-test";
		};
		3F737DDC2A28852D0058AB86 /* BeWellUITests */ = {
			isa = PBXNativeTarget;
			buildConfigurationList = 3F737DED2A28852D0058AB86 /* Build configuration list for PBXNativeTarget "BeWellUITests" */;
			buildPhases = (
				3F737DD92A28852D0058AB86 /* Sources */,
				3F737DDA2A28852D0058AB86 /* Frameworks */,
				3F737DDB2A28852D0058AB86 /* Resources */,
			);
			buildRules = (
			);
			dependencies = (
				3F737DDF2A28852D0058AB86 /* PBXTargetDependency */,
			);
			name = BeWellUITests;
			productName = BeWellUITests;
			productReference = 3F737DDD2A28852D0058AB86 /* BeWellUITests.xctest */;
			productType = "com.apple.product-type.bundle.ui-testing";
		};
/* End PBXNativeTarget section */

/* Begin PBXProject section */
		3F737DB62A28852B0058AB86 /* Project object */ = {
			isa = PBXProject;
			attributes = {
				BuildIndependentTargetsInParallel = 1;
				LastSwiftUpdateCheck = 1420;
				LastUpgradeCheck = 1420;
				TargetAttributes = {
					3F737DBD2A28852B0058AB86 = {
						CreatedOnToolsVersion = 14.2;
					};
					3F737DD22A28852D0058AB86 = {
						CreatedOnToolsVersion = 14.2;
						TestTargetID = 3F737DBD2A28852B0058AB86;
					};
					3F737DDC2A28852D0058AB86 = {
						CreatedOnToolsVersion = 14.2;
						TestTargetID = 3F737DBD2A28852B0058AB86;
					};
				};
			};
			buildConfigurationList = 3F737DB92A28852B0058AB86 /* Build configuration list for PBXProject "BeWell" */;
			compatibilityVersion = "Xcode 14.0";
			developmentRegion = en;
			hasScannedForEncodings = 0;
			knownRegions = (
				en,
				Base,
			);
			mainGroup = 3F737DB52A28852B0058AB86;
			productRefGroup = 3F737DBF2A28852B0058AB86 /* Products */;
			projectDirPath = "";
			projectRoot = "";
			targets = (
				3F737DBD2A28852B0058AB86 /* BeWell */,
				3F737DD22A28852D0058AB86 /* BeWellTests */,
				3F737DDC2A28852D0058AB86 /* BeWellUITests */,
			);
		};
/* End PBXProject section */

/* Begin PBXResourcesBuildPhase section */
		3F737DBC2A28852B0058AB86 /* Resources */ = {
			isa = PBXResourcesBuildPhase;
			buildActionMask = 2147483647;
			files = (
				3F737DC92A28852D0058AB86 /* Preview Assets.xcassets in Resources */,
				3F737DC62A28852D0058AB86 /* Assets.xcassets in Resources */,
			);
			runOnlyForDeploymentPostprocessing = 0;
		};
		3F737DD12A28852D0058AB86 /* Resources */ = {
			isa = PBXResourcesBuildPhase;
			buildActionMask = 2147483647;
			files = (
			);
			runOnlyForDeploymentPostprocessing = 0;
		};
		3F737DDB2A28852D0058AB86 /* Resources */ = {
			isa = PBXResourcesBuildPhase;
			buildActionMask = 2147483647;
			files = (
			);
			runOnlyForDeploymentPostprocessing = 0;
		};
/* End PBXResourcesBuildPhase section */

/* Begin PBXSourcesBuildPhase section */
		3F737DBA2A28852B0058AB86 /* Sources */ = {
			isa = PBXSourcesBuildPhase;
			buildActionMask = 2147483647;
			files = (
				3F9D28682A2A1D9900EE8B03 /* PostsView.swift in Sources */,
				3F737DCB2A28852D0058AB86 /* Persistence.swift in Sources */,
				3F9D285E2A2A19A100EE8B03 /* ProfileView.swift in Sources */,
				3F9D28602A2A19B400EE8B03 /* AddView.swift in Sources */,
				3F9D28582A29F15D00EE8B03 /* DataController.swift in Sources */,
				3F737DC42A28852B0058AB86 /* ContentView.swift in Sources */,
				3F737DCE2A28852D0058AB86 /* BeWell.xcdatamodeld in Sources */,
				3F9D28642A2A19E000EE8B03 /* SignInView.swift in Sources */,
				3F9D28532A29EC8900EE8B03 /* MainView.swift in Sources */,
				3F9D28662A2A19EF00EE8B03 /* SignUpView.swift in Sources */,
				3F9D286A2A2A2A0D00EE8B03 /* Extensions.swift in Sources */,
				3F9D285C2A29FCC600EE8B03 /* SVars.swift in Sources */,
				3F9D285A2A29F41200EE8B03 /* Models.swift in Sources */,
				3F737DC22A28852B0058AB86 /* BeWellApp.swift in Sources */,
				3F9D28622A2A19C300EE8B03 /* SettingsView.swift in Sources */,
			);
			runOnlyForDeploymentPostprocessing = 0;
		};
		3F737DCF2A28852D0058AB86 /* Sources */ = {
			isa = PBXSourcesBuildPhase;
			buildActionMask = 2147483647;
			files = (
				3F737DD82A28852D0058AB86 /* BeWellTests.swift in Sources */,
			);
			runOnlyForDeploymentPostprocessing = 0;
		};
		3F737DD92A28852D0058AB86 /* Sources */ = {
			isa = PBXSourcesBuildPhase;
			buildActionMask = 2147483647;
			files = (
				3F737DE22A28852D0058AB86 /* BeWellUITests.swift in Sources */,
				3F737DE42A28852D0058AB86 /* BeWellUITestsLaunchTests.swift in Sources */,
			);
			runOnlyForDeploymentPostprocessing = 0;
		};
/* End PBXSourcesBuildPhase section */

/* Begin PBXTargetDependency section */
		3F737DD52A28852D0058AB86 /* PBXTargetDependency */ = {
			isa = PBXTargetDependency;
			target = 3F737DBD2A28852B0058AB86 /* BeWell */;
			targetProxy = 3F737DD42A28852D0058AB86 /* PBXContainerItemProxy */;
		};
		3F737DDF2A28852D0058AB86 /* PBXTargetDependency */ = {
			isa = PBXTargetDependency;
			target = 3F737DBD2A28852B0058AB86 /* BeWell */;
			targetProxy = 3F737DDE2A28852D0058AB86 /* PBXContainerItemProxy */;
		};
/* End PBXTargetDependency section */

/* Begin XCBuildConfiguration section */
		3F737DE52A28852D0058AB86 /* Debug */ = {
			isa = XCBuildConfiguration;
			buildSettings = {
				ALWAYS_SEARCH_USER_PATHS = NO;
				CLANG_ANALYZER_NONNULL = YES;
				CLANG_ANALYZER_NUMBER_OBJECT_CONVERSION = YES_AGGRESSIVE;
				CLANG_CXX_LANGUAGE_STANDARD = "gnu++20";
				CLANG_ENABLE_MODULES = YES;
				CLANG_ENABLE_OBJC_ARC = YES;
				CLANG_ENABLE_OBJC_WEAK = YES;
				CLANG_WARN_BLOCK_CAPTURE_AUTORELEASING = YES;
				CLANG_WARN_BOOL_CONVERSION = YES;
				CLANG_WARN_COMMA = YES;
				CLANG_WARN_CONSTANT_CONVERSION = YES;
				CLANG_WARN_DEPRECATED_OBJC_IMPLEMENTATIONS = YES;
				CLANG_WARN_DIRECT_OBJC_ISA_USAGE = YES_ERROR;
				CLANG_WARN_DOCUMENTATION_COMMENTS = YES;
				CLANG_WARN_EMPTY_BODY = YES;
				CLANG_WARN_ENUM_CONVERSION = YES;
				CLANG_WARN_INFINITE_RECURSION = YES;
				CLANG_WARN_INT_CONVERSION = YES;
				CLANG_WARN_NON_LITERAL_NULL_CONVERSION = YES;
				CLANG_WARN_OBJC_IMPLICIT_RETAIN_SELF = YES;
				CLANG_WARN_OBJC_LITERAL_CONVERSION = YES;
				CLANG_WARN_OBJC_ROOT_CLASS = YES_ERROR;
				CLANG_WARN_QUOTED_INCLUDE_IN_FRAMEWORK_HEADER = YES;
				CLANG_WARN_RANGE_LOOP_ANALYSIS = YES;
				CLANG_WARN_STRICT_PROTOTYPES = YES;
				CLANG_WARN_SUSPICIOUS_MOVE = YES;
				CLANG_WARN_UNGUARDED_AVAILABILITY = YES_AGGRESSIVE;
				CLANG_WARN_UNREACHABLE_CODE = YES;
				CLANG_WARN__DUPLICATE_METHOD_MATCH = YES;
				COPY_PHASE_STRIP = NO;
				DEBUG_INFORMATION_FORMAT = dwarf;
				ENABLE_STRICT_OBJC_MSGSEND = YES;
				ENABLE_TESTABILITY = YES;
				GCC_C_LANGUAGE_STANDARD = gnu11;
				GCC_DYNAMIC_NO_PIC = NO;
				GCC_NO_COMMON_BLOCKS = YES;
				GCC_OPTIMIZATION_LEVEL = 0;
				GCC_PREPROCESSOR_DEFINITIONS = (
					"DEBUG=1",
					"$(inherited)",
				);
				GCC_WARN_64_TO_32_BIT_CONVERSION = YES;
				GCC_WARN_ABOUT_RETURN_TYPE = YES_ERROR;
				GCC_WARN_UNDECLARED_SELECTOR = YES;
				GCC_WARN_UNINITIALIZED_AUTOS = YES_AGGRESSIVE;
				GCC_WARN_UNUSED_FUNCTION = YES;
				GCC_WARN_UNUSED_VARIABLE = YES;
				IPHONEOS_DEPLOYMENT_TARGET = 16.2;
				MTL_ENABLE_DEBUG_INFO = INCLUDE_SOURCE;
				MTL_FAST_MATH = YES;
				ONLY_ACTIVE_ARCH = YES;
				SDKROOT = iphoneos;
				SWIFT_ACTIVE_COMPILATION_CONDITIONS = DEBUG;
				SWIFT_OPTIMIZATION_LEVEL = "-Onone";
			};
			name = Debug;
		};
		3F737DE62A28852D0058AB86 /* Release */ = {
			isa = XCBuildConfiguration;
			buildSettings = {
				ALWAYS_SEARCH_USER_PATHS = NO;
				CLANG_ANALYZER_NONNULL = YES;
				CLANG_ANALYZER_NUMBER_OBJECT_CONVERSION = YES_AGGRESSIVE;
				CLANG_CXX_LANGUAGE_STANDARD = "gnu++20";
				CLANG_ENABLE_MODULES = YES;
				CLANG_ENABLE_OBJC_ARC = YES;
				CLANG_ENABLE_OBJC_WEAK = YES;
				CLANG_WARN_BLOCK_CAPTURE_AUTORELEASING = YES;
				CLANG_WARN_BOOL_CONVERSION = YES;
				CLANG_WARN_COMMA = YES;
				CLANG_WARN_CONSTANT_CONVERSION = YES;
				CLANG_WARN_DEPRECATED_OBJC_IMPLEMENTATIONS = YES;
				CLANG_WARN_DIRECT_OBJC_ISA_USAGE = YES_ERROR;
				CLANG_WARN_DOCUMENTATION_COMMENTS = YES;
				CLANG_WARN_EMPTY_BODY = YES;
				CLANG_WARN_ENUM_CONVERSION = YES;
				CLANG_WARN_INFINITE_RECURSION = YES;
				CLANG_WARN_INT_CONVERSION = YES;
				CLANG_WARN_NON_LITERAL_NULL_CONVERSION = YES;
				CLANG_WARN_OBJC_IMPLICIT_RETAIN_SELF = YES;
				CLANG_WARN_OBJC_LITERAL_CONVERSION = YES;
				CLANG_WARN_OBJC_ROOT_CLASS = YES_ERROR;
				CLANG_WARN_QUOTED_INCLUDE_IN_FRAMEWORK_HEADER = YES;
				CLANG_WARN_RANGE_LOOP_ANALYSIS = YES;
				CLANG_WARN_STRICT_PROTOTYPES = YES;
				CLANG_WARN_SUSPICIOUS_MOVE = YES;
				CLANG_WARN_UNGUARDED_AVAILABILITY = YES_AGGRESSIVE;
				CLANG_WARN_UNREACHABLE_CODE = YES;
				CLANG_WARN__DUPLICATE_METHOD_MATCH = YES;
				COPY_PHASE_STRIP = NO;
				DEBUG_INFORMATION_FORMAT = "dwarf-with-dsym";
				ENABLE_NS_ASSERTIONS = NO;
				ENABLE_STRICT_OBJC_MSGSEND = YES;
				GCC_C_LANGUAGE_STANDARD = gnu11;
				GCC_NO_COMMON_BLOCKS = YES;
				GCC_WARN_64_TO_32_BIT_CONVERSION = YES;
				GCC_WARN_ABOUT_RETURN_TYPE = YES_ERROR;
				GCC_WARN_UNDECLARED_SELECTOR = YES;
				GCC_WARN_UNINITIALIZED_AUTOS = YES_AGGRESSIVE;
				GCC_WARN_UNUSED_FUNCTION = YES;
				GCC_WARN_UNUSED_VARIABLE = YES;
				IPHONEOS_DEPLOYMENT_TARGET = 16.2;
				MTL_ENABLE_DEBUG_INFO = NO;
				MTL_FAST_MATH = YES;
				SDKROOT = iphoneos;
				SWIFT_COMPILATION_MODE = wholemodule;
				SWIFT_OPTIMIZATION_LEVEL = "-O";
				VALIDATE_PRODUCT = YES;
			};
			name = Release;
		};
		3F737DE82A28852D0058AB86 /* Debug */ = {
			isa = XCBuildConfiguration;
			buildSettings = {
				ASSETCATALOG_COMPILER_APPICON_NAME = AppIcon;
				ASSETCATALOG_COMPILER_GLOBAL_ACCENT_COLOR_NAME = AccentColor;
				CODE_SIGN_STYLE = Automatic;
				CURRENT_PROJECT_VERSION = 1;
				DEVELOPMENT_ASSET_PATHS = "\"BeWell/Preview Content\"";
				ENABLE_PREVIEWS = YES;
				GENERATE_INFOPLIST_FILE = YES;
				INFOPLIST_KEY_UIApplicationSceneManifest_Generation = YES;
				INFOPLIST_KEY_UIApplicationSupportsIndirectInputEvents = YES;
				INFOPLIST_KEY_UILaunchScreen_Generation = YES;
				INFOPLIST_KEY_UISupportedInterfaceOrientations_iPad = "UIInterfaceOrientationPortrait UIInterfaceOrientationPortraitUpsideDown UIInterfaceOrientationLandscapeLeft UIInterfaceOrientationLandscapeRight";
				INFOPLIST_KEY_UISupportedInterfaceOrientations_iPhone = "UIInterfaceOrientationPortrait UIInterfaceOrientationLandscapeLeft UIInterfaceOrientationLandscapeRight";
				LD_RUNPATH_SEARCH_PATHS = (
					"$(inherited)",
					"@executable_path/Frameworks",
				);
				MARKETING_VERSION = 1.0;
				PRODUCT_BUNDLE_IDENTIFIER = com.andre.BeWell;
				PRODUCT_NAME = "$(TARGET_NAME)";
				SWIFT_EMIT_LOC_STRINGS = YES;
				SWIFT_VERSION = 5.0;
				TARGETED_DEVICE_FAMILY = "1,2";
			};
			name = Debug;
		};
		3F737DE92A28852D0058AB86 /* Release */ = {
			isa = XCBuildConfiguration;
			buildSettings = {
				ASSETCATALOG_COMPILER_APPICON_NAME = AppIcon;
				ASSETCATALOG_COMPILER_GLOBAL_ACCENT_COLOR_NAME = AccentColor;
				CODE_SIGN_STYLE = Automatic;
				CURRENT_PROJECT_VERSION = 1;
				DEVELOPMENT_ASSET_PATHS = "\"BeWell/Preview Content\"";
				ENABLE_PREVIEWS = YES;
				GENERATE_INFOPLIST_FILE = YES;
				INFOPLIST_KEY_UIApplicationSceneManifest_Generation = YES;
				INFOPLIST_KEY_UIApplicationSupportsIndirectInputEvents = YES;
				INFOPLIST_KEY_UILaunchScreen_Generation = YES;
				INFOPLIST_KEY_UISupportedInterfaceOrientations_iPad = "UIInterfaceOrientationPortrait UIInterfaceOrientationPortraitUpsideDown UIInterfaceOrientationLandscapeLeft UIInterfaceOrientationLandscapeRight";
				INFOPLIST_KEY_UISupportedInterfaceOrientations_iPhone = "UIInterfaceOrientationPortrait UIInterfaceOrientationLandscapeLeft UIInterfaceOrientationLandscapeRight";
				LD_RUNPATH_SEARCH_PATHS = (
					"$(inherited)",
					"@executable_path/Frameworks",
				);
				MARKETING_VERSION = 1.0;
				PRODUCT_BUNDLE_IDENTIFIER = com.andre.BeWell;
				PRODUCT_NAME = "$(TARGET_NAME)";
				SWIFT_EMIT_LOC_STRINGS = YES;
				SWIFT_VERSION = 5.0;
				TARGETED_DEVICE_FAMILY = "1,2";
			};
			name = Release;
		};
		3F737DEB2A28852D0058AB86 /* Debug */ = {
			isa = XCBuildConfiguration;
			buildSettings = {
				ALWAYS_EMBED_SWIFT_STANDARD_LIBRARIES = YES;
				BUNDLE_LOADER = "$(TEST_HOST)";
				CODE_SIGN_STYLE = Automatic;
				CURRENT_PROJECT_VERSION = 1;
				GENERATE_INFOPLIST_FILE = YES;
				IPHONEOS_DEPLOYMENT_TARGET = 16.2;
				MARKETING_VERSION = 1.0;
				PRODUCT_BUNDLE_IDENTIFIER = com.andre.BeWellTests;
				PRODUCT_NAME = "$(TARGET_NAME)";
				SWIFT_EMIT_LOC_STRINGS = NO;
				SWIFT_VERSION = 5.0;
				TARGETED_DEVICE_FAMILY = "1,2";
				TEST_HOST = "$(BUILT_PRODUCTS_DIR)/BeWell.app/$(BUNDLE_EXECUTABLE_FOLDER_PATH)/BeWell";
			};
			name = Debug;
		};
		3F737DEC2A28852D0058AB86 /* Release */ = {
			isa = XCBuildConfiguration;
			buildSettings = {
				ALWAYS_EMBED_SWIFT_STANDARD_LIBRARIES = YES;
				BUNDLE_LOADER = "$(TEST_HOST)";
				CODE_SIGN_STYLE = Automatic;
				CURRENT_PROJECT_VERSION = 1;
				GENERATE_INFOPLIST_FILE = YES;
				IPHONEOS_DEPLOYMENT_TARGET = 16.2;
				MARKETING_VERSION = 1.0;
				PRODUCT_BUNDLE_IDENTIFIER = com.andre.BeWellTests;
				PRODUCT_NAME = "$(TARGET_NAME)";
				SWIFT_EMIT_LOC_STRINGS = NO;
				SWIFT_VERSION = 5.0;
				TARGETED_DEVICE_FAMILY = "1,2";
				TEST_HOST = "$(BUILT_PRODUCTS_DIR)/BeWell.app/$(BUNDLE_EXECUTABLE_FOLDER_PATH)/BeWell";
			};
			name = Release;
		};
		3F737DEE2A28852D0058AB86 /* Debug */ = {
			isa = XCBuildConfiguration;
			buildSettings = {
				ALWAYS_EMBED_SWIFT_STANDARD_LIBRARIES = YES;
				CODE_SIGN_STYLE = Automatic;
				CURRENT_PROJECT_VERSION = 1;
				GENERATE_INFOPLIST_FILE = YES;
				MARKETING_VERSION = 1.0;
				PRODUCT_BUNDLE_IDENTIFIER = com.andre.BeWellUITests;
				PRODUCT_NAME = "$(TARGET_NAME)";
				SWIFT_EMIT_LOC_STRINGS = NO;
				SWIFT_VERSION = 5.0;
				TARGETED_DEVICE_FAMILY = "1,2";
				TEST_TARGET_NAME = BeWell;
			};
			name = Debug;
		};
		3F737DEF2A28852D0058AB86 /* Release */ = {
			isa = XCBuildConfiguration;
			buildSettings = {
				ALWAYS_EMBED_SWIFT_STANDARD_LIBRARIES = YES;
				CODE_SIGN_STYLE = Automatic;
				CURRENT_PROJECT_VERSION = 1;
				GENERATE_INFOPLIST_FILE = YES;
				MARKETING_VERSION = 1.0;
				PRODUCT_BUNDLE_IDENTIFIER = com.andre.BeWellUITests;
				PRODUCT_NAME = "$(TARGET_NAME)";
				SWIFT_EMIT_LOC_STRINGS = NO;
				SWIFT_VERSION = 5.0;
				TARGETED_DEVICE_FAMILY = "1,2";
				TEST_TARGET_NAME = BeWell;
			};
			name = Release;
		};
/* End XCBuildConfiguration section */

/* Begin XCConfigurationList section */
		3F737DB92A28852B0058AB86 /* Build configuration list for PBXProject "BeWell" */ = {
			isa = XCConfigurationList;
			buildConfigurations = (
				3F737DE52A28852D0058AB86 /* Debug */,
				3F737DE62A28852D0058AB86 /* Release */,
			);
			defaultConfigurationIsVisible = 0;
			defaultConfigurationName = Release;
		};
		3F737DE72A28852D0058AB86 /* Build configuration list for PBXNativeTarget "BeWell" */ = {
			isa = XCConfigurationList;
			buildConfigurations = (
				3F737DE82A28852D0058AB86 /* Debug */,
				3F737DE92A28852D0058AB86 /* Release */,
			);
			defaultConfigurationIsVisible = 0;
			defaultConfigurationName = Release;
		};
		3F737DEA2A28852D0058AB86 /* Build configuration list for PBXNativeTarget "BeWellTests" */ = {
			isa = XCConfigurationList;
			buildConfigurations = (
				3F737DEB2A28852D0058AB86 /* Debug */,
				3F737DEC2A28852D0058AB86 /* Release */,
			);
			defaultConfigurationIsVisible = 0;
			defaultConfigurationName = Release;
		};
		3F737DED2A28852D0058AB86 /* Build configuration list for PBXNativeTarget "BeWellUITests" */ = {
			isa = XCConfigurationList;
			buildConfigurations = (
				3F737DEE2A28852D0058AB86 /* Debug */,
				3F737DEF2A28852D0058AB86 /* Release */,
			);
			defaultConfigurationIsVisible = 0;
			defaultConfigurationName = Release;
		};
/* End XCConfigurationList section */

/* Begin XCVersionGroup section */
		3F737DCC2A28852D0058AB86 /* BeWell.xcdatamodeld */ = {
			isa = XCVersionGroup;
			children = (
				3F737DCD2A28852D0058AB86 /* BeWell.xcdatamodel */,
			);
			currentVersion = 3F737DCD2A28852D0058AB86 /* BeWell.xcdatamodel */;
			path = BeWell.xcdatamodeld;
			sourceTree = "<group>";
			versionGroupType = wrapper.xcdatamodel;
		};
/* End XCVersionGroup section */
	};
	rootObject = 3F737DB62A28852B0058AB86 /* Project object */;
}
